// !$*UTF8*$!
{
	archiveVersion = 1;
	classes = {
	};
	objectVersion = 51;
	objects = {

/* Begin PBXBuildFile section */
		0E2F248D7646F19F28025E13 /* Pods_sample.framework in Frameworks */ = {isa = PBXBuildFile; fileRef = FF61F4D3D6BA75E32A03A9AC /* Pods_sample.framework */; };
		41674F04255610A000DFEA6C /* LoginParentViewController.swift in Sources */ = {isa = PBXBuildFile; fileRef = 41674F03255610A000DFEA6C /* LoginParentViewController.swift */; };
		41674F09255687C500DFEA6C /* LoginProviderViewController.swift in Sources */ = {isa = PBXBuildFile; fileRef = 41674F08255687C500DFEA6C /* LoginProviderViewController.swift */; };
		4198E1EE2555EE27009F5092 /* LoginViewController.swift in Sources */ = {isa = PBXBuildFile; fileRef = 4198E1ED2555EE27009F5092 /* LoginViewController.swift */; };
		4198E1F62555F497009F5092 /* Assets.xcassets in Resources */ = {isa = PBXBuildFile; fileRef = 4198E1F52555F497009F5092 /* Assets.xcassets */; };
		8BF6017E03762D3DC5A2B523 /* Pods_sampleTests.framework in Frameworks */ = {isa = PBXBuildFile; fileRef = 70CE5C55EA272B914F58C3BA /* Pods_sampleTests.framework */; };
		CEEB844A2E6E868EDBBA1E8C /* Pods_sample_sampleUITests.framework in Frameworks */ = {isa = PBXBuildFile; fileRef = 7F0A35737CAF761B56687748 /* Pods_sample_sampleUITests.framework */; };
		D628C5F32551FB6A00BE82A0 /* AppDelegate.swift in Sources */ = {isa = PBXBuildFile; fileRef = D628C5F22551FB6A00BE82A0 /* AppDelegate.swift */; };
		D628C5F52551FB6A00BE82A0 /* SceneDelegate.swift in Sources */ = {isa = PBXBuildFile; fileRef = D628C5F42551FB6A00BE82A0 /* SceneDelegate.swift */; };
		D628C5FA2551FB6A00BE82A0 /* Main.storyboard in Resources */ = {isa = PBXBuildFile; fileRef = D628C5F82551FB6A00BE82A0 /* Main.storyboard */; };
		D628C5FF2551FB6B00BE82A0 /* LaunchScreen.storyboard in Resources */ = {isa = PBXBuildFile; fileRef = D628C5FD2551FB6B00BE82A0 /* LaunchScreen.storyboard */; };
		D628C60A2551FB6B00BE82A0 /* sampleTests.swift in Sources */ = {isa = PBXBuildFile; fileRef = D628C6092551FB6B00BE82A0 /* sampleTests.swift */; };
		D628C6152551FB6B00BE82A0 /* sampleUITests.swift in Sources */ = {isa = PBXBuildFile; fileRef = D628C6142551FB6B00BE82A0 /* sampleUITests.swift */; };
/* End PBXBuildFile section */

/* Begin PBXContainerItemProxy section */
		D628C6062551FB6B00BE82A0 /* PBXContainerItemProxy */ = {
			isa = PBXContainerItemProxy;
			containerPortal = D628C5E72551FB6A00BE82A0 /* Project object */;
			proxyType = 1;
			remoteGlobalIDString = D628C5EE2551FB6A00BE82A0;
			remoteInfo = sample;
		};
		D628C6112551FB6B00BE82A0 /* PBXContainerItemProxy */ = {
			isa = PBXContainerItemProxy;
			containerPortal = D628C5E72551FB6A00BE82A0 /* Project object */;
			proxyType = 1;
			remoteGlobalIDString = D628C5EE2551FB6A00BE82A0;
			remoteInfo = sample;
		};
/* End PBXContainerItemProxy section */

/* Begin PBXFileReference section */
		0BCFBECB81E26C1778ABE3BF /* Pods-sampleTests.debug.xcconfig */ = {isa = PBXFileReference; includeInIndex = 1; lastKnownFileType = text.xcconfig; name = "Pods-sampleTests.debug.xcconfig"; path = "Target Support Files/Pods-sampleTests/Pods-sampleTests.debug.xcconfig"; sourceTree = "<group>"; };
		41674F03255610A000DFEA6C /* LoginParentViewController.swift */ = {isa = PBXFileReference; lastKnownFileType = sourcecode.swift; path = LoginParentViewController.swift; sourceTree = "<group>"; };
		41674F08255687C500DFEA6C /* LoginProviderViewController.swift */ = {isa = PBXFileReference; lastKnownFileType = sourcecode.swift; path = LoginProviderViewController.swift; sourceTree = "<group>"; };
		4198E1ED2555EE27009F5092 /* LoginViewController.swift */ = {isa = PBXFileReference; lastKnownFileType = sourcecode.swift; path = LoginViewController.swift; sourceTree = "<group>"; };
		4198E1F52555F497009F5092 /* Assets.xcassets */ = {isa = PBXFileReference; lastKnownFileType = folder.assetcatalog; path = Assets.xcassets; sourceTree = "<group>"; };
		70CE5C55EA272B914F58C3BA /* Pods_sampleTests.framework */ = {isa = PBXFileReference; explicitFileType = wrapper.framework; includeInIndex = 0; path = Pods_sampleTests.framework; sourceTree = BUILT_PRODUCTS_DIR; };
		7736F01384C79ECC458DB3F1 /* Pods-sample-sampleUITests.debug.xcconfig */ = {isa = PBXFileReference; includeInIndex = 1; lastKnownFileType = text.xcconfig; name = "Pods-sample-sampleUITests.debug.xcconfig"; path = "Target Support Files/Pods-sample-sampleUITests/Pods-sample-sampleUITests.debug.xcconfig"; sourceTree = "<group>"; };
		7F0A35737CAF761B56687748 /* Pods_sample_sampleUITests.framework */ = {isa = PBXFileReference; explicitFileType = wrapper.framework; includeInIndex = 0; path = Pods_sample_sampleUITests.framework; sourceTree = BUILT_PRODUCTS_DIR; };
		B6F1C0070AB6B499895AA8B5 /* Pods-sampleTests.release.xcconfig */ = {isa = PBXFileReference; includeInIndex = 1; lastKnownFileType = text.xcconfig; name = "Pods-sampleTests.release.xcconfig"; path = "Target Support Files/Pods-sampleTests/Pods-sampleTests.release.xcconfig"; sourceTree = "<group>"; };
		D628C5EF2551FB6A00BE82A0 /* sample.app */ = {isa = PBXFileReference; explicitFileType = wrapper.application; includeInIndex = 0; path = sample.app; sourceTree = BUILT_PRODUCTS_DIR; };
		D628C5F22551FB6A00BE82A0 /* AppDelegate.swift */ = {isa = PBXFileReference; lastKnownFileType = sourcecode.swift; path = AppDelegate.swift; sourceTree = "<group>"; };
		D628C5F42551FB6A00BE82A0 /* SceneDelegate.swift */ = {isa = PBXFileReference; lastKnownFileType = sourcecode.swift; path = SceneDelegate.swift; sourceTree = "<group>"; };
		D628C5F92551FB6A00BE82A0 /* Base */ = {isa = PBXFileReference; lastKnownFileType = file.storyboard; name = Base; path = Base.lproj/Main.storyboard; sourceTree = "<group>"; };
		D628C5FE2551FB6B00BE82A0 /* Base */ = {isa = PBXFileReference; lastKnownFileType = file.storyboard; name = Base; path = Base.lproj/LaunchScreen.storyboard; sourceTree = "<group>"; };
		D628C6002551FB6B00BE82A0 /* Info.plist */ = {isa = PBXFileReference; lastKnownFileType = text.plist.xml; path = Info.plist; sourceTree = "<group>"; };
		D628C6052551FB6B00BE82A0 /* sampleTests.xctest */ = {isa = PBXFileReference; explicitFileType = wrapper.cfbundle; includeInIndex = 0; path = sampleTests.xctest; sourceTree = BUILT_PRODUCTS_DIR; };
		D628C6092551FB6B00BE82A0 /* sampleTests.swift */ = {isa = PBXFileReference; lastKnownFileType = sourcecode.swift; path = sampleTests.swift; sourceTree = "<group>"; };
		D628C60B2551FB6B00BE82A0 /* Info.plist */ = {isa = PBXFileReference; lastKnownFileType = text.plist.xml; path = Info.plist; sourceTree = "<group>"; };
		D628C6102551FB6B00BE82A0 /* sampleUITests.xctest */ = {isa = PBXFileReference; explicitFileType = wrapper.cfbundle; includeInIndex = 0; path = sampleUITests.xctest; sourceTree = BUILT_PRODUCTS_DIR; };
		D628C6142551FB6B00BE82A0 /* sampleUITests.swift */ = {isa = PBXFileReference; lastKnownFileType = sourcecode.swift; path = sampleUITests.swift; sourceTree = "<group>"; };
		D628C6162551FB6B00BE82A0 /* Info.plist */ = {isa = PBXFileReference; lastKnownFileType = text.plist.xml; path = Info.plist; sourceTree = "<group>"; };
		EB9938C82855CFB95BC3E62A /* Pods-sample.debug.xcconfig */ = {isa = PBXFileReference; includeInIndex = 1; lastKnownFileType = text.xcconfig; name = "Pods-sample.debug.xcconfig"; path = "Target Support Files/Pods-sample/Pods-sample.debug.xcconfig"; sourceTree = "<group>"; };
		F61D11CED715B2BFCF1FEF0B /* Pods-sample.release.xcconfig */ = {isa = PBXFileReference; includeInIndex = 1; lastKnownFileType = text.xcconfig; name = "Pods-sample.release.xcconfig"; path = "Target Support Files/Pods-sample/Pods-sample.release.xcconfig"; sourceTree = "<group>"; };
		FF12939B7FED09BD67EE3430 /* Pods-sample-sampleUITests.release.xcconfig */ = {isa = PBXFileReference; includeInIndex = 1; lastKnownFileType = text.xcconfig; name = "Pods-sample-sampleUITests.release.xcconfig"; path = "Target Support Files/Pods-sample-sampleUITests/Pods-sample-sampleUITests.release.xcconfig"; sourceTree = "<group>"; };
		FF61F4D3D6BA75E32A03A9AC /* Pods_sample.framework */ = {isa = PBXFileReference; explicitFileType = wrapper.framework; includeInIndex = 0; path = Pods_sample.framework; sourceTree = BUILT_PRODUCTS_DIR; };
/* End PBXFileReference section */

/* Begin PBXFrameworksBuildPhase section */
		D628C5EC2551FB6A00BE82A0 /* Frameworks */ = {
			isa = PBXFrameworksBuildPhase;
			buildActionMask = 2147483647;
			files = (
				0E2F248D7646F19F28025E13 /* Pods_sample.framework in Frameworks */,
			);
			runOnlyForDeploymentPostprocessing = 0;
		};
		D628C6022551FB6B00BE82A0 /* Frameworks */ = {
			isa = PBXFrameworksBuildPhase;
			buildActionMask = 2147483647;
			files = (
				8BF6017E03762D3DC5A2B523 /* Pods_sampleTests.framework in Frameworks */,
			);
			runOnlyForDeploymentPostprocessing = 0;
		};
		D628C60D2551FB6B00BE82A0 /* Frameworks */ = {
			isa = PBXFrameworksBuildPhase;
			buildActionMask = 2147483647;
			files = (
				CEEB844A2E6E868EDBBA1E8C /* Pods_sample_sampleUITests.framework in Frameworks */,
			);
			runOnlyForDeploymentPostprocessing = 0;
		};
/* End PBXFrameworksBuildPhase section */

/* Begin PBXGroup section */
		4304CBB6B559DE853F9F035D /* Frameworks */ = {
			isa = PBXGroup;
			children = (
				FF61F4D3D6BA75E32A03A9AC /* Pods_sample.framework */,
				7F0A35737CAF761B56687748 /* Pods_sample_sampleUITests.framework */,
				70CE5C55EA272B914F58C3BA /* Pods_sampleTests.framework */,
			);
			name = Frameworks;
			sourceTree = "<group>";
		};
		B0E4084F6E66883E6380CAE8 /* Pods */ = {
			isa = PBXGroup;
			children = (
				EB9938C82855CFB95BC3E62A /* Pods-sample.debug.xcconfig */,
				F61D11CED715B2BFCF1FEF0B /* Pods-sample.release.xcconfig */,
				7736F01384C79ECC458DB3F1 /* Pods-sample-sampleUITests.debug.xcconfig */,
				FF12939B7FED09BD67EE3430 /* Pods-sample-sampleUITests.release.xcconfig */,
				0BCFBECB81E26C1778ABE3BF /* Pods-sampleTests.debug.xcconfig */,
				B6F1C0070AB6B499895AA8B5 /* Pods-sampleTests.release.xcconfig */,
			);
			path = Pods;
			sourceTree = "<group>";
		};
		D628C5E62551FB6A00BE82A0 = {
			isa = PBXGroup;
			children = (
				D628C5F12551FB6A00BE82A0 /* sample */,
				D628C6082551FB6B00BE82A0 /* sampleTests */,
				D628C6132551FB6B00BE82A0 /* sampleUITests */,
				D628C5F02551FB6A00BE82A0 /* Products */,
				B0E4084F6E66883E6380CAE8 /* Pods */,
				4304CBB6B559DE853F9F035D /* Frameworks */,
			);
			sourceTree = "<group>";
		};
		D628C5F02551FB6A00BE82A0 /* Products */ = {
			isa = PBXGroup;
			children = (
				D628C5EF2551FB6A00BE82A0 /* sample.app */,
				D628C6052551FB6B00BE82A0 /* sampleTests.xctest */,
				D628C6102551FB6B00BE82A0 /* sampleUITests.xctest */,
			);
			name = Products;
			sourceTree = "<group>";
		};
		D628C5F12551FB6A00BE82A0 /* sample */ = {
			isa = PBXGroup;
			children = (
				D628C5F22551FB6A00BE82A0 /* AppDelegate.swift */,
				D628C5F42551FB6A00BE82A0 /* SceneDelegate.swift */,
				D628C5F82551FB6A00BE82A0 /* Main.storyboard */,
				4198E1F52555F497009F5092 /* Assets.xcassets */,
				D628C5FD2551FB6B00BE82A0 /* LaunchScreen.storyboard */,
				D628C6002551FB6B00BE82A0 /* Info.plist */,
				4198E1ED2555EE27009F5092 /* LoginViewController.swift */,
				41674F03255610A000DFEA6C /* LoginParentViewController.swift */,
				41674F08255687C500DFEA6C /* LoginProviderViewController.swift */,
			);
			path = sample;
			sourceTree = "<group>";
		};
		D628C6082551FB6B00BE82A0 /* sampleTests */ = {
			isa = PBXGroup;
			children = (
				D628C6092551FB6B00BE82A0 /* sampleTests.swift */,
				D628C60B2551FB6B00BE82A0 /* Info.plist */,
			);
			path = sampleTests;
			sourceTree = "<group>";
		};
		D628C6132551FB6B00BE82A0 /* sampleUITests */ = {
			isa = PBXGroup;
			children = (
				D628C6142551FB6B00BE82A0 /* sampleUITests.swift */,
				D628C6162551FB6B00BE82A0 /* Info.plist */,
			);
			path = sampleUITests;
			sourceTree = "<group>";
		};
/* End PBXGroup section */

/* Begin PBXNativeTarget section */
		D628C5EE2551FB6A00BE82A0 /* sample */ = {
			isa = PBXNativeTarget;
			buildConfigurationList = D628C6192551FB6B00BE82A0 /* Build configuration list for PBXNativeTarget "sample" */;
			buildPhases = (
				344D6B2A6ACD721E9EB35E4D /* [CP] Check Pods Manifest.lock */,
				D628C5EB2551FB6A00BE82A0 /* Sources */,
				D628C5EC2551FB6A00BE82A0 /* Frameworks */,
				D628C5ED2551FB6A00BE82A0 /* Resources */,
				ABC343AC4E62B63F97310847 /* [CP] Embed Pods Frameworks */,
			);
			buildRules = (
			);
			dependencies = (
			);
			name = sample;
			productName = sample;
			productReference = D628C5EF2551FB6A00BE82A0 /* sample.app */;
			productType = "com.apple.product-type.application";
		};
		D628C6042551FB6B00BE82A0 /* sampleTests */ = {
			isa = PBXNativeTarget;
			buildConfigurationList = D628C61C2551FB6B00BE82A0 /* Build configuration list for PBXNativeTarget "sampleTests" */;
			buildPhases = (
				E464066CFC8C30CA6F2B2D7C /* [CP] Check Pods Manifest.lock */,
				D628C6012551FB6B00BE82A0 /* Sources */,
				D628C6022551FB6B00BE82A0 /* Frameworks */,
				D628C6032551FB6B00BE82A0 /* Resources */,
			);
			buildRules = (
			);
			dependencies = (
				D628C6072551FB6B00BE82A0 /* PBXTargetDependency */,
			);
			name = sampleTests;
			productName = sampleTests;
			productReference = D628C6052551FB6B00BE82A0 /* sampleTests.xctest */;
			productType = "com.apple.product-type.bundle.unit-test";
		};
		D628C60F2551FB6B00BE82A0 /* sampleUITests */ = {
			isa = PBXNativeTarget;
			buildConfigurationList = D628C61F2551FB6B00BE82A0 /* Build configuration list for PBXNativeTarget "sampleUITests" */;
			buildPhases = (
				CAA411AAE0326D26D9BAEC60 /* [CP] Check Pods Manifest.lock */,
				D628C60C2551FB6B00BE82A0 /* Sources */,
				D628C60D2551FB6B00BE82A0 /* Frameworks */,
				D628C60E2551FB6B00BE82A0 /* Resources */,
				4137A7901D52C1A13C87DC8F /* [CP] Embed Pods Frameworks */,
			);
			buildRules = (
			);
			dependencies = (
				D628C6122551FB6B00BE82A0 /* PBXTargetDependency */,
			);
			name = sampleUITests;
			productName = sampleUITests;
			productReference = D628C6102551FB6B00BE82A0 /* sampleUITests.xctest */;
			productType = "com.apple.product-type.bundle.ui-testing";
		};
/* End PBXNativeTarget section */

/* Begin PBXProject section */
		D628C5E72551FB6A00BE82A0 /* Project object */ = {
			isa = PBXProject;
			attributes = {
				LastSwiftUpdateCheck = 1210;
				LastUpgradeCheck = 1210;
				TargetAttributes = {
					D628C5EE2551FB6A00BE82A0 = {
						CreatedOnToolsVersion = 12.1;
					};
					D628C6042551FB6B00BE82A0 = {
						CreatedOnToolsVersion = 12.1;
						TestTargetID = D628C5EE2551FB6A00BE82A0;
					};
					D628C60F2551FB6B00BE82A0 = {
						CreatedOnToolsVersion = 12.1;
						TestTargetID = D628C5EE2551FB6A00BE82A0;
					};
				};
			};
			buildConfigurationList = D628C5EA2551FB6A00BE82A0 /* Build configuration list for PBXProject "sample" */;
			compatibilityVersion = "Xcode 9.3";
			developmentRegion = en;
			hasScannedForEncodings = 0;
			knownRegions = (
				en,
				Base,
			);
			mainGroup = D628C5E62551FB6A00BE82A0;
			productRefGroup = D628C5F02551FB6A00BE82A0 /* Products */;
			projectDirPath = "";
			projectRoot = "";
			targets = (
				D628C5EE2551FB6A00BE82A0 /* sample */,
				D628C6042551FB6B00BE82A0 /* sampleTests */,
				D628C60F2551FB6B00BE82A0 /* sampleUITests */,
			);
		};
/* End PBXProject section */

/* Begin PBXResourcesBuildPhase section */
		D628C5ED2551FB6A00BE82A0 /* Resources */ = {
			isa = PBXResourcesBuildPhase;
			buildActionMask = 2147483647;
			files = (
				D628C5FF2551FB6B00BE82A0 /* LaunchScreen.storyboard in Resources */,
				4198E1F62555F497009F5092 /* Assets.xcassets in Resources */,
				D628C5FA2551FB6A00BE82A0 /* Main.storyboard in Resources */,
			);
			runOnlyForDeploymentPostprocessing = 0;
		};
		D628C6032551FB6B00BE82A0 /* Resources */ = {
			isa = PBXResourcesBuildPhase;
			buildActionMask = 2147483647;
			files = (
			);
			runOnlyForDeploymentPostprocessing = 0;
		};
		D628C60E2551FB6B00BE82A0 /* Resources */ = {
			isa = PBXResourcesBuildPhase;
			buildActionMask = 2147483647;
			files = (
			);
			runOnlyForDeploymentPostprocessing = 0;
		};
/* End PBXResourcesBuildPhase section */

/* Begin PBXShellScriptBuildPhase section */
		344D6B2A6ACD721E9EB35E4D /* [CP] Check Pods Manifest.lock */ = {
			isa = PBXShellScriptBuildPhase;
			buildActionMask = 2147483647;
			files = (
			);
			inputFileListPaths = (
			);
			inputPaths = (
				"${PODS_PODFILE_DIR_PATH}/Podfile.lock",
				"${PODS_ROOT}/Manifest.lock",
			);
			name = "[CP] Check Pods Manifest.lock";
			outputFileListPaths = (
			);
			outputPaths = (
				"$(DERIVED_FILE_DIR)/Pods-sample-checkManifestLockResult.txt",
			);
			runOnlyForDeploymentPostprocessing = 0;
			shellPath = /bin/sh;
			shellScript = "diff \"${PODS_PODFILE_DIR_PATH}/Podfile.lock\" \"${PODS_ROOT}/Manifest.lock\" > /dev/null\nif [ $? != 0 ] ; then\n    # print error to STDERR\n    echo \"error: The sandbox is not in sync with the Podfile.lock. Run 'pod install' or update your CocoaPods installation.\" >&2\n    exit 1\nfi\n# This output is used by Xcode 'outputs' to avoid re-running this script phase.\necho \"SUCCESS\" > \"${SCRIPT_OUTPUT_FILE_0}\"\n";
			showEnvVarsInLog = 0;
		};
		4137A7901D52C1A13C87DC8F /* [CP] Embed Pods Frameworks */ = {
			isa = PBXShellScriptBuildPhase;
			buildActionMask = 2147483647;
			files = (
			);
			inputFileListPaths = (
				"${PODS_ROOT}/Target Support Files/Pods-sample-sampleUITests/Pods-sample-sampleUITests-frameworks-${CONFIGURATION}-input-files.xcfilelist",
			);
			name = "[CP] Embed Pods Frameworks";
			outputFileListPaths = (
				"${PODS_ROOT}/Target Support Files/Pods-sample-sampleUITests/Pods-sample-sampleUITests-frameworks-${CONFIGURATION}-output-files.xcfilelist",
			);
			runOnlyForDeploymentPostprocessing = 0;
			shellPath = /bin/sh;
			shellScript = "\"${PODS_ROOT}/Target Support Files/Pods-sample-sampleUITests/Pods-sample-sampleUITests-frameworks.sh\"\n";
			showEnvVarsInLog = 0;
		};
		ABC343AC4E62B63F97310847 /* [CP] Embed Pods Frameworks */ = {
			isa = PBXShellScriptBuildPhase;
			buildActionMask = 2147483647;
			files = (
			);
			inputFileListPaths = (
				"${PODS_ROOT}/Target Support Files/Pods-sample/Pods-sample-frameworks-${CONFIGURATION}-input-files.xcfilelist",
			);
			name = "[CP] Embed Pods Frameworks";
			outputFileListPaths = (
				"${PODS_ROOT}/Target Support Files/Pods-sample/Pods-sample-frameworks-${CONFIGURATION}-output-files.xcfilelist",
			);
			runOnlyForDeploymentPostprocessing = 0;
			shellPath = /bin/sh;
			shellScript = "\"${PODS_ROOT}/Target Support Files/Pods-sample/Pods-sample-frameworks.sh\"\n";
			showEnvVarsInLog = 0;
		};
		CAA411AAE0326D26D9BAEC60 /* [CP] Check Pods Manifest.lock */ = {
			isa = PBXShellScriptBuildPhase;
			buildActionMask = 2147483647;
			files = (
			);
			inputFileListPaths = (
			);
			inputPaths = (
				"${PODS_PODFILE_DIR_PATH}/Podfile.lock",
				"${PODS_ROOT}/Manifest.lock",
			);
			name = "[CP] Check Pods Manifest.lock";
			outputFileListPaths = (
			);
			outputPaths = (
				"$(DERIVED_FILE_DIR)/Pods-sample-sampleUITests-checkManifestLockResult.txt",
			);
			runOnlyForDeploymentPostprocessing = 0;
			shellPath = /bin/sh;
			shellScript = "diff \"${PODS_PODFILE_DIR_PATH}/Podfile.lock\" \"${PODS_ROOT}/Manifest.lock\" > /dev/null\nif [ $? != 0 ] ; then\n    # print error to STDERR\n    echo \"error: The sandbox is not in sync with the Podfile.lock. Run 'pod install' or update your CocoaPods installation.\" >&2\n    exit 1\nfi\n# This output is used by Xcode 'outputs' to avoid re-running this script phase.\necho \"SUCCESS\" > \"${SCRIPT_OUTPUT_FILE_0}\"\n";
			showEnvVarsInLog = 0;
		};
		E464066CFC8C30CA6F2B2D7C /* [CP] Check Pods Manifest.lock */ = {
			isa = PBXShellScriptBuildPhase;
			buildActionMask = 2147483647;
			files = (
			);
			inputFileListPaths = (
			);
			inputPaths = (
				"${PODS_PODFILE_DIR_PATH}/Podfile.lock",
				"${PODS_ROOT}/Manifest.lock",
			);
			name = "[CP] Check Pods Manifest.lock";
			outputFileListPaths = (
			);
			outputPaths = (
				"$(DERIVED_FILE_DIR)/Pods-sampleTests-checkManifestLockResult.txt",
			);
			runOnlyForDeploymentPostprocessing = 0;
			shellPath = /bin/sh;
			shellScript = "diff \"${PODS_PODFILE_DIR_PATH}/Podfile.lock\" \"${PODS_ROOT}/Manifest.lock\" > /dev/null\nif [ $? != 0 ] ; then\n    # print error to STDERR\n    echo \"error: The sandbox is not in sync with the Podfile.lock. Run 'pod install' or update your CocoaPods installation.\" >&2\n    exit 1\nfi\n# This output is used by Xcode 'outputs' to avoid re-running this script phase.\necho \"SUCCESS\" > \"${SCRIPT_OUTPUT_FILE_0}\"\n";
			showEnvVarsInLog = 0;
		};
/* End PBXShellScriptBuildPhase section */

/* Begin PBXSourcesBuildPhase section */
		D628C5EB2551FB6A00BE82A0 /* Sources */ = {
			isa = PBXSourcesBuildPhase;
			buildActionMask = 2147483647;
			files = (
				41674F04255610A000DFEA6C /* LoginParentViewController.swift in Sources */,
				4198E1EE2555EE27009F5092 /* LoginViewController.swift in Sources */,
				41674F09255687C500DFEA6C /* LoginProviderViewController.swift in Sources */,
				D628C5F32551FB6A00BE82A0 /* AppDelegate.swift in Sources */,
				D628C5F52551FB6A00BE82A0 /* SceneDelegate.swift in Sources */,
			);
			runOnlyForDeploymentPostprocessing = 0;
		};
		D628C6012551FB6B00BE82A0 /* Sources */ = {
			isa = PBXSourcesBuildPhase;
			buildActionMask = 2147483647;
			files = (
				D628C60A2551FB6B00BE82A0 /* sampleTests.swift in Sources */,
			);
			runOnlyForDeploymentPostprocessing = 0;
		};
		D628C60C2551FB6B00BE82A0 /* Sources */ = {
			isa = PBXSourcesBuildPhase;
			buildActionMask = 2147483647;
			files = (
				D628C6152551FB6B00BE82A0 /* sampleUITests.swift in Sources */,
			);
			runOnlyForDeploymentPostprocessing = 0;
		};
/* End PBXSourcesBuildPhase section */

/* Begin PBXTargetDependency section */
		D628C6072551FB6B00BE82A0 /* PBXTargetDependency */ = {
			isa = PBXTargetDependency;
			target = D628C5EE2551FB6A00BE82A0 /* sample */;
			targetProxy = D628C6062551FB6B00BE82A0 /* PBXContainerItemProxy */;
		};
		D628C6122551FB6B00BE82A0 /* PBXTargetDependency */ = {
			isa = PBXTargetDependency;
			target = D628C5EE2551FB6A00BE82A0 /* sample */;
			targetProxy = D628C6112551FB6B00BE82A0 /* PBXContainerItemProxy */;
		};
/* End PBXTargetDependency section */

/* Begin PBXVariantGroup section */
		D628C5F82551FB6A00BE82A0 /* Main.storyboard */ = {
			isa = PBXVariantGroup;
			children = (
				D628C5F92551FB6A00BE82A0 /* Base */,
			);
			name = Main.storyboard;
			sourceTree = "<group>";
		};
		D628C5FD2551FB6B00BE82A0 /* LaunchScreen.storyboard */ = {
			isa = PBXVariantGroup;
			children = (
				D628C5FE2551FB6B00BE82A0 /* Base */,
			);
			name = LaunchScreen.storyboard;
			sourceTree = "<group>";
		};
/* End PBXVariantGroup section */

/* Begin XCBuildConfiguration section */
		D628C6172551FB6B00BE82A0 /* Debug */ = {
			isa = XCBuildConfiguration;
			buildSettings = {
				ALWAYS_SEARCH_USER_PATHS = NO;
				CLANG_ANALYZER_NONNULL = YES;
				CLANG_ANALYZER_NUMBER_OBJECT_CONVERSION = YES_AGGRESSIVE;
				CLANG_CXX_LANGUAGE_STANDARD = "gnu++14";
				CLANG_CXX_LIBRARY = "libc++";
				CLANG_ENABLE_MODULES = YES;
				CLANG_ENABLE_OBJC_ARC = YES;
				CLANG_ENABLE_OBJC_WEAK = YES;
				CLANG_WARN_BLOCK_CAPTURE_AUTORELEASING = YES;
				CLANG_WARN_BOOL_CONVERSION = YES;
				CLANG_WARN_COMMA = YES;
				CLANG_WARN_CONSTANT_CONVERSION = YES;
				CLANG_WARN_DEPRECATED_OBJC_IMPLEMENTATIONS = YES;
				CLANG_WARN_DIRECT_OBJC_ISA_USAGE = YES_ERROR;
				CLANG_WARN_DOCUMENTATION_COMMENTS = YES;
				CLANG_WARN_EMPTY_BODY = YES;
				CLANG_WARN_ENUM_CONVERSION = YES;
				CLANG_WARN_INFINITE_RECURSION = YES;
				CLANG_WARN_INT_CONVERSION = YES;
				CLANG_WARN_NON_LITERAL_NULL_CONVERSION = YES;
				CLANG_WARN_OBJC_IMPLICIT_RETAIN_SELF = YES;
				CLANG_WARN_OBJC_LITERAL_CONVERSION = YES;
				CLANG_WARN_OBJC_ROOT_CLASS = YES_ERROR;
				CLANG_WARN_QUOTED_INCLUDE_IN_FRAMEWORK_HEADER = YES;
				CLANG_WARN_RANGE_LOOP_ANALYSIS = YES;
				CLANG_WARN_STRICT_PROTOTYPES = YES;
				CLANG_WARN_SUSPICIOUS_MOVE = YES;
				CLANG_WARN_UNGUARDED_AVAILABILITY = YES_AGGRESSIVE;
				CLANG_WARN_UNREACHABLE_CODE = YES;
				CLANG_WARN__DUPLICATE_METHOD_MATCH = YES;
				COPY_PHASE_STRIP = NO;
				DEBUG_INFORMATION_FORMAT = dwarf;
				ENABLE_STRICT_OBJC_MSGSEND = YES;
				ENABLE_TESTABILITY = YES;
				GCC_C_LANGUAGE_STANDARD = gnu11;
				GCC_DYNAMIC_NO_PIC = NO;
				GCC_NO_COMMON_BLOCKS = YES;
				GCC_OPTIMIZATION_LEVEL = 0;
				GCC_PREPROCESSOR_DEFINITIONS = (
					"DEBUG=1",
					"$(inherited)",
				);
				GCC_WARN_64_TO_32_BIT_CONVERSION = YES;
				GCC_WARN_ABOUT_RETURN_TYPE = YES_ERROR;
				GCC_WARN_UNDECLARED_SELECTOR = YES;
				GCC_WARN_UNINITIALIZED_AUTOS = YES_AGGRESSIVE;
				GCC_WARN_UNUSED_FUNCTION = YES;
				GCC_WARN_UNUSED_VARIABLE = YES;
				IPHONEOS_DEPLOYMENT_TARGET = 14.1;
				MTL_ENABLE_DEBUG_INFO = INCLUDE_SOURCE;
				MTL_FAST_MATH = YES;
				ONLY_ACTIVE_ARCH = YES;
				SDKROOT = iphoneos;
				SWIFT_ACTIVE_COMPILATION_CONDITIONS = DEBUG;
				SWIFT_OPTIMIZATION_LEVEL = "-Onone";
			};
			name = Debug;
		};
		D628C6182551FB6B00BE82A0 /* Release */ = {
			isa = XCBuildConfiguration;
			buildSettings = {
				ALWAYS_SEARCH_USER_PATHS = NO;
				CLANG_ANALYZER_NONNULL = YES;
				CLANG_ANALYZER_NUMBER_OBJECT_CONVERSION = YES_AGGRESSIVE;
				CLANG_CXX_LANGUAGE_STANDARD = "gnu++14";
				CLANG_CXX_LIBRARY = "libc++";
				CLANG_ENABLE_MODULES = YES;
				CLANG_ENABLE_OBJC_ARC = YES;
				CLANG_ENABLE_OBJC_WEAK = YES;
				CLANG_WARN_BLOCK_CAPTURE_AUTORELEASING = YES;
				CLANG_WARN_BOOL_CONVERSION = YES;
				CLANG_WARN_COMMA = YES;
				CLANG_WARN_CONSTANT_CONVERSION = YES;
				CLANG_WARN_DEPRECATED_OBJC_IMPLEMENTATIONS = YES;
				CLANG_WARN_DIRECT_OBJC_ISA_USAGE = YES_ERROR;
				CLANG_WARN_DOCUMENTATION_COMMENTS = YES;
				CLANG_WARN_EMPTY_BODY = YES;
				CLANG_WARN_ENUM_CONVERSION = YES;
				CLANG_WARN_INFINITE_RECURSION = YES;
				CLANG_WARN_INT_CONVERSION = YES;
				CLANG_WARN_NON_LITERAL_NULL_CONVERSION = YES;
				CLANG_WARN_OBJC_IMPLICIT_RETAIN_SELF = YES;
				CLANG_WARN_OBJC_LITERAL_CONVERSION = YES;
				CLANG_WARN_OBJC_ROOT_CLASS = YES_ERROR;
				CLANG_WARN_QUOTED_INCLUDE_IN_FRAMEWORK_HEADER = YES;
				CLANG_WARN_RANGE_LOOP_ANALYSIS = YES;
				CLANG_WARN_STRICT_PROTOTYPES = YES;
				CLANG_WARN_SUSPICIOUS_MOVE = YES;
				CLANG_WARN_UNGUARDED_AVAILABILITY = YES_AGGRESSIVE;
				CLANG_WARN_UNREACHABLE_CODE = YES;
				CLANG_WARN__DUPLICATE_METHOD_MATCH = YES;
				COPY_PHASE_STRIP = NO;
				DEBUG_INFORMATION_FORMAT = "dwarf-with-dsym";
				ENABLE_NS_ASSERTIONS = NO;
				ENABLE_STRICT_OBJC_MSGSEND = YES;
				GCC_C_LANGUAGE_STANDARD = gnu11;
				GCC_NO_COMMON_BLOCKS = YES;
				GCC_WARN_64_TO_32_BIT_CONVERSION = YES;
				GCC_WARN_ABOUT_RETURN_TYPE = YES_ERROR;
				GCC_WARN_UNDECLARED_SELECTOR = YES;
				GCC_WARN_UNINITIALIZED_AUTOS = YES_AGGRESSIVE;
				GCC_WARN_UNUSED_FUNCTION = YES;
				GCC_WARN_UNUSED_VARIABLE = YES;
				IPHONEOS_DEPLOYMENT_TARGET = 14.1;
				MTL_ENABLE_DEBUG_INFO = NO;
				MTL_FAST_MATH = YES;
				SDKROOT = iphoneos;
				SWIFT_COMPILATION_MODE = wholemodule;
				SWIFT_OPTIMIZATION_LEVEL = "-O";
				VALIDATE_PRODUCT = YES;
			};
			name = Release;
		};
		D628C61A2551FB6B00BE82A0 /* Debug */ = {
			isa = XCBuildConfiguration;
			baseConfigurationReference = EB9938C82855CFB95BC3E62A /* Pods-sample.debug.xcconfig */;
			buildSettings = {
				ASSETCATALOG_COMPILER_APPICON_NAME = AppIcon;
				ASSETCATALOG_COMPILER_GLOBAL_ACCENT_COLOR_NAME = AccentColor;
				CODE_SIGN_STYLE = Automatic;
				INFOPLIST_FILE = sample/Info.plist;
				LD_RUNPATH_SEARCH_PATHS = (
					"$(inherited)",
					"@executable_path/Frameworks",
				);
				PRODUCT_BUNDLE_IDENTIFIER = Teardrop.sample;
				PRODUCT_NAME = "$(TARGET_NAME)";
				SWIFT_VERSION = 5.0;
				TARGETED_DEVICE_FAMILY = "1,2";
			};
			name = Debug;
		};
		D628C61B2551FB6B00BE82A0 /* Release */ = {
			isa = XCBuildConfiguration;
			baseConfigurationReference = F61D11CED715B2BFCF1FEF0B /* Pods-sample.release.xcconfig */;
			buildSettings = {
				ASSETCATALOG_COMPILER_APPICON_NAME = AppIcon;
				ASSETCATALOG_COMPILER_GLOBAL_ACCENT_COLOR_NAME = AccentColor;
				CODE_SIGN_STYLE = Automatic;
				INFOPLIST_FILE = sample/Info.plist;
				LD_RUNPATH_SEARCH_PATHS = (
					"$(inherited)",
					"@executable_path/Frameworks",
				);
				PRODUCT_BUNDLE_IDENTIFIER = Teardrop.sample;
				PRODUCT_NAME = "$(TARGET_NAME)";
				SWIFT_VERSION = 5.0;
				TARGETED_DEVICE_FAMILY = "1,2";
			};
			name = Release;
		};
		D628C61D2551FB6B00BE82A0 /* Debug */ = {
			isa = XCBuildConfiguration;
			baseConfigurationReference = 0BCFBECB81E26C1778ABE3BF /* Pods-sampleTests.debug.xcconfig */;
			buildSettings = {
				ALWAYS_EMBED_SWIFT_STANDARD_LIBRARIES = YES;
				BUNDLE_LOADER = "$(TEST_HOST)";
				CODE_SIGN_STYLE = Automatic;
				INFOPLIST_FILE = sampleTests/Info.plist;
				IPHONEOS_DEPLOYMENT_TARGET = 14.1;
				LD_RUNPATH_SEARCH_PATHS = (
					"$(inherited)",
					"@executable_path/Frameworks",
					"@loader_path/Frameworks",
				);
				PRODUCT_BUNDLE_IDENTIFIER = Teardrop.sampleTests;
				PRODUCT_NAME = "$(TARGET_NAME)";
				SWIFT_VERSION = 5.0;
				TARGETED_DEVICE_FAMILY = "1,2";
				TEST_HOST = "$(BUILT_PRODUCTS_DIR)/sample.app/sample";
			};
			name = Debug;
		};
		D628C61E2551FB6B00BE82A0 /* Release */ = {
			isa = XCBuildConfiguration;
			baseConfigurationReference = B6F1C0070AB6B499895AA8B5 /* Pods-sampleTests.release.xcconfig */;
			buildSettings = {
				ALWAYS_EMBED_SWIFT_STANDARD_LIBRARIES = YES;
				BUNDLE_LOADER = "$(TEST_HOST)";
				CODE_SIGN_STYLE = Automatic;
				INFOPLIST_FILE = sampleTests/Info.plist;
				IPHONEOS_DEPLOYMENT_TARGET = 14.1;
				LD_RUNPATH_SEARCH_PATHS = (
					"$(inherited)",
					"@executable_path/Frameworks",
					"@loader_path/Frameworks",
				);
				PRODUCT_BUNDLE_IDENTIFIER = Teardrop.sampleTests;
				PRODUCT_NAME = "$(TARGET_NAME)";
				SWIFT_VERSION = 5.0;
				TARGETED_DEVICE_FAMILY = "1,2";
				TEST_HOST = "$(BUILT_PRODUCTS_DIR)/sample.app/sample";
			};
			name = Release;
		};
		D628C6202551FB6B00BE82A0 /* Debug */ = {
			isa = XCBuildConfiguration;
			baseConfigurationReference = 7736F01384C79ECC458DB3F1 /* Pods-sample-sampleUITests.debug.xcconfig */;
			buildSettings = {
				ALWAYS_EMBED_SWIFT_STANDARD_LIBRARIES = YES;
				CODE_SIGN_STYLE = Automatic;
				INFOPLIST_FILE = sampleUITests/Info.plist;
				LD_RUNPATH_SEARCH_PATHS = (
					"$(inherited)",
					"@executable_path/Frameworks",
					"@loader_path/Frameworks",
				);
				PRODUCT_BUNDLE_IDENTIFIER = Teardrop.sampleUITests;
				PRODUCT_NAME = "$(TARGET_NAME)";
				SWIFT_VERSION = 5.0;
				TARGETED_DEVICE_FAMILY = "1,2";
				TEST_TARGET_NAME = sample;
			};
			name = Debug;
		};
		D628C6212551FB6B00BE82A0 /* Release */ = {
			isa = XCBuildConfiguration;
			baseConfigurationReference = FF12939B7FED09BD67EE3430 /* Pods-sample-sampleUITests.release.xcconfig */;
			buildSettings = {
				ALWAYS_EMBED_SWIFT_STANDARD_LIBRARIES = YES;
				CODE_SIGN_STYLE = Automatic;
				INFOPLIST_FILE = sampleUITests/Info.plist;
				LD_RUNPATH_SEARCH_PATHS = (
					"$(inherited)",
					"@executable_path/Frameworks",
					"@loader_path/Frameworks",
				);
				PRODUCT_BUNDLE_IDENTIFIER = Teardrop.sampleUITests;
				PRODUCT_NAME = "$(TARGET_NAME)";
				SWIFT_VERSION = 5.0;
				TARGETED_DEVICE_FAMILY = "1,2";
				TEST_TARGET_NAME = sample;
			};
			name = Release;
		};
/* End XCBuildConfiguration section */

/* Begin XCConfigurationList section */
		D628C5EA2551FB6A00BE82A0 /* Build configuration list for PBXProject "sample" */ = {
			isa = XCConfigurationList;
			buildConfigurations = (
				D628C6172551FB6B00BE82A0 /* Debug */,
				D628C6182551FB6B00BE82A0 /* Release */,
			);
			defaultConfigurationIsVisible = 0;
			defaultConfigurationName = Release;
		};
		D628C6192551FB6B00BE82A0 /* Build configuration list for PBXNativeTarget "sample" */ = {
			isa = XCConfigurationList;
			buildConfigurations = (
				D628C61A2551FB6B00BE82A0 /* Debug */,
				D628C61B2551FB6B00BE82A0 /* Release */,
			);
			defaultConfigurationIsVisible = 0;
			defaultConfigurationName = Release;
		};
		D628C61C2551FB6B00BE82A0 /* Build configuration list for PBXNativeTarget "sampleTests" */ = {
			isa = XCConfigurationList;
			buildConfigurations = (
				D628C61D2551FB6B00BE82A0 /* Debug */,
				D628C61E2551FB6B00BE82A0 /* Release */,
			);
			defaultConfigurationIsVisible = 0;
			defaultConfigurationName = Release;
		};
		D628C61F2551FB6B00BE82A0 /* Build configuration list for PBXNativeTarget "sampleUITests" */ = {
			isa = XCConfigurationList;
			buildConfigurations = (
				D628C6202551FB6B00BE82A0 /* Debug */,
				D628C6212551FB6B00BE82A0 /* Release */,
			);
			defaultConfigurationIsVisible = 0;
			defaultConfigurationName = Release;
		};
/* End XCConfigurationList section */
	};
	rootObject = D628C5E72551FB6A00BE82A0 /* Project object */;
}
